
Microsoft Visual Studio Solution File, Format Version 12.00
# Visual Studio Version 16
VisualStudioVersion = 16.0.33423.256
MinimumVisualStudioVersion = 10.0.40219.1
Project("{8BC9CEB8-8B4A-11D0-8D11-00A0C91BC942}") = "Bullet3", "Bullet3.vcxproj", "{88B5DA22-3166-4CBD-959C-FE4EDAE16577}"
EndProject
Global
	GlobalSection(SolutionConfigurationPlatforms) = preSolution
		Debug|x64 = Debug|x64
		Debug|x86 = Debug|x86
		Release|x64 = Release|x64
		Release|x86 = Release|x86
	EndGlobalSection
	GlobalSection(ProjectConfigurationPlatforms) = postSolution
		{88B5DA22-3166-4CBD-959C-FE4EDAE16577}.Debug|x64.ActiveCfg = Debug|x64
		{88B5DA22-3166-4CBD-959C-FE4EDAE16577}.Debug|x64.Build.0 = Debug|x64
		{88B5DA22-3166-4CBD-959C-FE4EDAE16577}.Debug|x86.ActiveCfg = Debug|Win32
		{88B5DA22-3166-4CBD-959C-FE4EDAE16577}.Debug|x86.Build.0 = Debug|Win32
		{88B5DA22-3166-4CBD-959C-FE4EDAE16577}.Release|x64.ActiveCfg = Release|x64
		{88B5DA22-3166-4CBD-959C-FE4EDAE16577}.Release|x64.Build.0 = Release|x64
		{88B5DA22-3166-4CBD-959C-FE4EDAE16577}.Release|x86.ActiveCfg = Release|Win32
		{88B5DA22-3166-4CBD-959C-FE4EDAE16577}.Release|x86.Build.0 = Release|Win32
	EndGlobalSection
	GlobalSection(SolutionProperties) = preSolution
		HideSolutionNode = FALSE
	EndGlobalSection
	GlobalSection(ExtensibilityGlobals) = postSolution
		SolutionGuid = {D9825D55-0F34-4A2D-837A-9A09D33179B7}
	EndGlobalSection
EndGlobal
